{
  "lockfileVersion": 1,
  "configVersion": 1,
  "workspaces": {
    "": {
      "name": "typescript-to-rust",
      "devDependencies": {
        "@biomejs/biome": "^1.8.3",
        "@ttr/std": "workspace:*",
        "@types/bun": "^1.3.14",
        "mitata": "^1.0.34",
        "typescript": "^5.5.2",
      },
    },
    "packages/compiler": {
      "name": "compiler",
      "dependencies": {
        "oxc-parser": "^0.138.0",
      },
      "devDependencies": {
        "@types/bun": "latest",
      },
      "peerDependencies": {
        "typescript": "^5",
      },
    },
    "packages/std": {
      "name": "@ttr/std",
      "version": "0.0.0",
    },
  },
  "packages": {
    "@biomejs/biome": ["@biomejs/biome@1.9.4", "", { "optionalDependencies": { "@biomejs/cli-darwin-arm64": "1.9.4", "@biomejs/cli-darwin-x64": "1.9.4", "@biomejs/cli-linux-arm64": "1.9.4", "@biomejs/cli-linux-arm64-musl": "1.9.4", "@biomejs/cli-linux-x64": "1.9.4", "@biomejs/cli-linux-x64-musl": "1.9.4", "@biomejs/cli-win32-arm64": "1.9.4", "@biomejs/cli-win32-x64": "1.9.4" }, "bin": { "biome": "bin/biome" } }, "sha512-1rkd7G70+o9KkTn5KLmDYXihGoTaIGO9PIIN2ZB7UJxFrWw04CZHPYiMRjYsaDvVV7hP1dYNRLxSANLaBFGpog=="],

    "@biomejs/cli-darwin-arm64": ["@biomejs/cli-darwin-arm64@1.9.4", "", { "os": "darwin", "cpu": "arm64" }, "sha512-bFBsPWrNvkdKrNCYeAp+xo2HecOGPAy9WyNyB/jKnnedgzl4W4Hb9ZMzYNbf8dMCGmUdSavlYHiR01QaYR58cw=="],

    "@biomejs/cli-darwin-x64": ["@biomejs/cli-darwin-x64@1.9.4", "", { "os": "darwin", "cpu": "x64" }, "sha512-ngYBh/+bEedqkSevPVhLP4QfVPCpb+4BBe2p7Xs32dBgs7rh9nY2AIYUL6BgLw1JVXV8GlpKmb/hNiuIxfPfZg=="],

    "@biomejs/cli-linux-arm64": ["@biomejs/cli-linux-arm64@1.9.4", "", { "os": "linux", "cpu": "arm64" }, "sha512-fJIW0+LYujdjUgJJuwesP4EjIBl/N/TcOX3IvIHJQNsAqvV2CHIogsmA94BPG6jZATS4Hi+xv4SkBBQSt1N4/g=="],

    "@biomejs/cli-linux-arm64-musl": ["@biomejs/cli-linux-arm64-musl@1.9.4", "", { "os": "linux", "cpu": "arm64" }, "sha512-v665Ct9WCRjGa8+kTr0CzApU0+XXtRgwmzIf1SeKSGAv+2scAlW6JR5PMFo6FzqqZ64Po79cKODKf3/AAmECqA=="],

    "@biomejs/cli-linux-x64": ["@biomejs/cli-linux-x64@1.9.4", "", { "os": "linux", "cpu": "x64" }, "sha512-lRCJv/Vi3Vlwmbd6K+oQ0KhLHMAysN8lXoCI7XeHlxaajk06u7G+UsFSO01NAs5iYuWKmVZjmiOzJ0OJmGsMwg=="],

    "@biomejs/cli-linux-x64-musl": ["@biomejs/cli-linux-x64-musl@1.9.4", "", { "os": "linux", "cpu": "x64" }, "sha512-gEhi/jSBhZ2m6wjV530Yy8+fNqG8PAinM3oV7CyO+6c3CEh16Eizm21uHVsyVBEB6RIM8JHIl6AGYCv6Q6Q9Tg=="],

    "@biomejs/cli-win32-arm64": ["@biomejs/cli-win32-arm64@1.9.4", "", { "os": "win32", "cpu": "arm64" }, "sha512-tlbhLk+WXZmgwoIKwHIHEBZUwxml7bRJgk0X2sPyNR3S93cdRq6XulAZRQJ17FYGGzWne0fgrXBKpl7l4M87Hg=="],

    "@biomejs/cli-win32-x64": ["@biomejs/cli-win32-x64@1.9.4", "", { "os": "win32", "cpu": "x64" }, "sha512-8Y5wMhVIPaWe6jw2H+KlEm4wP/f7EW3810ZLmDlrEEy5KvBsb9ECEfu/kMWD484ijfQ8+nIi0giMgu9g1UAuuA=="],

    "@emnapi/core": ["@emnapi/core@1.11.1", "", { "dependencies": { "@emnapi/wasi-threads": "1.2.2", "tslib": "^2.4.0" } }, "sha512-RSvbQmHzdKzNsLYa/wHrbc3KN4sYLKAdPZxqiM2HATqv/SBk2/ENSHpvXGaLOMcsAyz0poEGqkmmKYG3OWiJEQ=="],

    "@emnapi/runtime": ["@emnapi/runtime@1.11.1", "", { "dependencies": { "tslib": "^2.4.0" } }, "sha512-vgj7R3y3Wgx24IQaGPA/R6YFXLHVMOZ0uVEyIQPaWs+rd1AzfEMXlAC22FYwO1XkKR6NPsq7mUandH8oIRdZFw=="],

    "@emnapi/wasi-threads": ["@emnapi/wasi-threads@1.2.2", "", { "dependencies": { "tslib": "^2.4.0" } }, "sha512-c95qOXkHdydNKhscBTebqEC1CVAZpyqOfVfBzQ1qgzyl3gfeldUjIggDbIZgDKsHLgnsM+igH7TJ/eAasaVuMA=="],

    "@napi-rs/wasm-runtime": ["@napi-rs/wasm-runtime@1.1.6", "", { "dependencies": { "@tybys/wasm-util": "^0.10.3" }, "peerDependencies": { "@emnapi/core": "^1.7.1", "@emnapi/runtime": "^1.7.1" } }, "sha512-ZLv/JdUfkvOy9eCnnBaGfiO+XimbjebAeO+MRQqD/B+FR1tnRN0tpKSJHRbE8sFfS6aqsXZ67TQjfwfsxULVbg=="],

    "@oxc-parser/binding-android-arm-eabi": ["@oxc-parser/binding-android-arm-eabi@0.138.0", "", { "os": "android", "cpu": "arm" }, "sha512-hSYAD+F9W2Qh8SETMqBsQRx6YHvB4z+i/i36shlC7tfdZQauMs4vf3G/EQwKOkNlN7rkTiKINvsNmQb9q2MWcQ=="],

    "@oxc-parser/binding-android-arm64": ["@oxc-parser/binding-android-arm64@0.138.0", "", { "os": "android", "cpu": "arm64" }, "sha512-Ns5LLTp8cVyP8DsYqD482h0HE84xiGYRgtm7g4LtTinq209NAiMF768e/8r2NHaa0UMirS5mrT1m1VwiVmBi4Q=="],

    "@oxc-parser/binding-darwin-arm64": ["@oxc-parser/binding-darwin-arm64@0.138.0", "", { "os": "darwin", "cpu": "arm64" }, "sha512-Yka0m4YhKUHBIZufafSLAeO+DUrfHPtNXBlZSj7DxshquIl41x/a+i/MbRnbOy8heuLiYU1STa6h0FAAzT7Pbw=="],

    "@oxc-parser/binding-darwin-x64": ["@oxc-parser/binding-darwin-x64@0.138.0", "", { "os": "darwin", "cpu": "x64" }, "sha512-MWLUZZzmNRUqTWueZF27ncreaZ1wZ0gboWL2QMPxRQA2xgOmBPlGg2H9pAKJSPBlwEHcWa9TdWRiehAS+yls8w=="],

    "@oxc-parser/binding-freebsd-x64": ["@oxc-parser/binding-freebsd-x64@0.138.0", "", { "os": "freebsd", "cpu": "x64" }, "sha512-Vae5tzsrzZ/lCDVCZUMi/vzSiiHEgcOEfsyIfWOHmjZ2ji+gT+n96T757yX5/f7/7JIJuiannAHJKV5ARaF6ng=="],

    "@oxc-parser/binding-linux-arm-gnueabihf": ["@oxc-parser/binding-linux-arm-gnueabihf@0.138.0", "", { "os": "linux", "cpu": "arm" }, "sha512-qkU8wv5mYexrCw0X4DHFgxGbRScwGLIIKUkHXU7xXEiLoMnQzELak2gujxfa9GFrlEgPjbyLUDFHWm67Zs38ng=="],

    "@oxc-parser/binding-linux-arm-musleabihf": ["@oxc-parser/binding-linux-arm-musleabihf@0.138.0", "", { "os": "linux", "cpu": "arm" }, "sha512-3HgULIvoDV7h2ZfVYzxQwOSOJnAjMwYmyUBzndNuLRGgBNI549ED0P6AGmN9y2TnSvrwJ+Q8zqdxqssMnGXitA=="],

    "@oxc-parser/binding-linux-arm64-gnu": ["@oxc-parser/binding-linux-arm64-gnu@0.138.0", "", { "os": "linux", "cpu": "arm64" }, "sha512-pIonbH2p0KLCwz4CNPCi0xGqci4numpMQDCLJwLfsrEky7NUuByKDFhCjzE0E7vR3aj/lBjyMoTskHBo/qSg8g=="],

    "@oxc-parser/binding-linux-arm64-musl": ["@oxc-parser/binding-linux-arm64-musl@0.138.0", "", { "os": "linux", "cpu": "arm64" }, "sha512-cT5L1Xz/5m6Ga1hD3922gLc+fePOauJZJdApPTI/2Vu0EmYo62uHG9V5Dq65hhgU9TW10oDi2840y9cGdd7BIg=="],

    "@oxc-parser/binding-linux-ppc64-gnu": ["@oxc-parser/binding-linux-ppc64-gnu@0.138.0", "", { "os": "linux", "cpu": "ppc64" }, "sha512-hKy/vvejKk3LNE/FsRbekWejLa046//TnLWtSo7ur29NIsNbSIvnOVYIirSVC7fsd6NO8UFzwDdcoZfCyBvSBA=="],

    "@oxc-parser/binding-linux-riscv64-gnu": ["@oxc-parser/binding-linux-riscv64-gnu@0.138.0", "", { "os": "linux", "cpu": "none" }, "sha512-bh6tjNGq0v0b9GAMu0pTv/YpTqepCFy0TIOtQHm8+41fZwLXTaB6xiEWVUSarNCXqc5kyzYcH6EOfwW1sJxJOw=="],

    "@oxc-parser/binding-linux-riscv64-musl": ["@oxc-parser/binding-linux-riscv64-musl@0.138.0", "", { "os": "linux", "cpu": "none" }, "sha512-HhOkddcClSTtTxY10f/mACblKcQdxWy4lYYwX12G23j+S5eiJ5y1kpo1r7kKng+2bdnCBO+lCDWOVVc9kVl9+g=="],

    "@oxc-parser/binding-linux-s390x-gnu": ["@oxc-parser/binding-linux-s390x-gnu@0.138.0", "", { "os": "linux", "cpu": "s390x" }, "sha512-5mi+wtbeJiEa4waGG88EcEGgJBBNJdDeIcayPPcrLNMXbCrgdtbb80q0Nrat7A8NglLUVzhuTAAp7K6PjmUO8Q=="],

    "@oxc-parser/binding-linux-x64-gnu": ["@oxc-parser/binding-linux-x64-gnu@0.138.0", "", { "os": "linux", "cpu": "x64" }, "sha512-ckbq3AMI7lI8AhQtE8KdqYRmzmzwKfCU12QN/PBKXO72PfWdvvZQN0hFShDX/XRNsPqjddLmvXaQMT3zfYtNlw=="],

    "@oxc-parser/binding-linux-x64-musl": ["@oxc-parser/binding-linux-x64-musl@0.138.0", "", { "os": "linux", "cpu": "x64" }, "sha512-JrCOzHO9BYEs5Xz5JHYBxSc/hYKxfXUj5QQb64sERSbkQot6+KEgMTOR2C9hLrhaqOui65OYcFyTTS+YxXDtnA=="],

    "@oxc-parser/binding-openharmony-arm64": ["@oxc-parser/binding-openharmony-arm64@0.138.0", "", { "os": "none", "cpu": "arm64" }, "sha512-eASMMfOOIfLHkWJRPSu8llByvVRM+c1M/lh18KjsjELM3y10+7B5iBbbrht9LdtsJXQ+mRuP/lJ7UWe3Ok3ehw=="],

    "@oxc-parser/binding-wasm32-wasi": ["@oxc-parser/binding-wasm32-wasi@0.138.0", "", { "dependencies": { "@emnapi/core": "1.11.1", "@emnapi/runtime": "1.11.1", "@napi-rs/wasm-runtime": "^1.1.6" }, "cpu": "none" }, "sha512-BnTCO87Iwc57NufXS7vcrkrmpN+daeCeYr1+/xgPT6HjwNs0lBmJYeFrcOs4WkNN8yscdd6Rc4FxWh3+59hAFw=="],

    "@oxc-parser/binding-win32-arm64-msvc": ["@oxc-parser/binding-win32-arm64-msvc@0.138.0", "", { "os": "win32", "cpu": "arm64" }, "sha512-+Zi47boD2wKNL0hOA47Vkwk6njMZ8sOsr4Geu/56EUtlooDh9crNOU41U6bXGS0UjC4Y72HtRA1iuB6qx1ARUw=="],

    "@oxc-parser/binding-win32-ia32-msvc": ["@oxc-parser/binding-win32-ia32-msvc@0.138.0", "", { "os": "win32", "cpu": "ia32" }, "sha512-SYcV674Wi2WuoBefUFgf0PBMNlZe5IF0YZ0TnP7DK+EusMVpEWq6iz+7r64svjAb7vjthzlas0FUCSlz8YkqYg=="],

    "@oxc-parser/binding-win32-x64-msvc": ["@oxc-parser/binding-win32-x64-msvc@0.138.0", "", { "os": "win32", "cpu": "x64" }, "sha512-QZplnCxS4vPe4StAVBtvD2bW3pELlidf0Ek6iQ/HHiCjbEtrs5pFZZfLAoPhKLJyDzyxoGAdic9bSIYrJYTZcg=="],

    "@oxc-project/types": ["@oxc-project/types@0.138.0", "", {}, "sha512-1a7ZKmrRTCoN1XMZ4L0PyyqrMnrNlLyPuOkdSX2MZg7IiIGRUyurNhAm73ptDOraoBcIordsIGKNPKUzy3ZmfA=="],

    "@ttr/std": ["@ttr/std@workspace:packages/std"],

    "@tybys/wasm-util": ["@tybys/wasm-util@0.10.3", "", { "dependencies": { "tslib": "^2.4.0" } }, "sha512-F3fo1MYrRJYL3zER0OUOmkutjr1Vp23m7OsSgp7nq4SP6OqX6C/56XFIPAl5bt3zaBRjmW7SGz3u/6LwFpYcOg=="],

    "@types/bun": ["@types/bun@1.3.14", "", { "dependencies": { "bun-types": "1.3.14" } }, "sha512-h1hFqFVcvAvD9j9K7ZW7vd82aSA+rTdznZa+5bwvCwqSB1jmmfLcbIWhOLx1/+boy/xmjgCs/OMUL8hRJSmnPw=="],

    "@types/node": ["@types/node@26.0.1", "", { "dependencies": { "undici-types": "~8.3.0" } }, "sha512-fc3KiUoBt6kie0N9bIW3E47vZsuaMf0PM2AaUpLCLT0s/LvX1nxAim6Fc049cNxODPpGm6qRAuUOB86SkRuPQw=="],

    "bun-types": ["bun-types@1.3.14", "", { "dependencies": { "@types/node": "*" } }, "sha512-4N0ig0fEomHt5R0KCFWjovxow98rIoRwKolrYdCcknNwMekCXRnWEUvgu5soYV8QXtVsrUD8B95MBOZGPvr6KQ=="],

    "compiler": ["compiler@workspace:packages/compiler"],

    "mitata": ["mitata@1.0.34", "", {}, "sha512-Mc3zrtNBKIMeHSCQ0XqRLo1vbdIx1wvFV9c8NJAiyho6AjNfMY8bVhbS12bwciUdd1t4rj8099CH3N3NFahaUA=="],

    "oxc-parser": ["oxc-parser@0.138.0", "", { "dependencies": { "@oxc-project/types": "^0.138.0" }, "optionalDependencies": { "@oxc-parser/binding-android-arm-eabi": "0.138.0", "@oxc-parser/binding-android-arm64": "0.138.0", "@oxc-parser/binding-darwin-arm64": "0.138.0", "@oxc-parser/binding-darwin-x64": "0.138.0", "@oxc-parser/binding-freebsd-x64": "0.138.0", "@oxc-parser/binding-linux-arm-gnueabihf": "0.138.0", "@oxc-parser/binding-linux-arm-musleabihf": "0.138.0", "@oxc-parser/binding-linux-arm64-gnu": "0.138.0", "@oxc-parser/binding-linux-arm64-musl": "0.138.0", "@oxc-parser/binding-linux-ppc64-gnu": "0.138.0", "@oxc-parser/binding-linux-riscv64-gnu": "0.138.0", "@oxc-parser/binding-linux-riscv64-musl": "0.138.0", "@oxc-parser/binding-linux-s390x-gnu": "0.138.0", "@oxc-parser/binding-linux-x64-gnu": "0.138.0", "@oxc-parser/binding-linux-x64-musl": "0.138.0", "@oxc-parser/binding-openharmony-arm64": "0.138.0", "@oxc-parser/binding-wasm32-wasi": "0.138.0", "@oxc-parser/binding-win32-arm64-msvc": "0.138.0", "@oxc-parser/binding-win32-ia32-msvc": "0.138.0", "@oxc-parser/binding-win32-x64-msvc": "0.138.0" } }, "sha512-c25lvfpZ2+WY1yk6NkP0X0RTQg0ZxgSVaZHDa7lt6fEe1jwZjPWkRWvTyZ1xyaM7roVJMdtRCfbhUj/d4ims3Q=="],

    "tslib": ["tslib@2.8.1", "", {}, "sha512-oJFu94HQb+KVduSUQL7wnpmqnfmLsOA/nAh6b6EH0wCEoK0/mPeXU6c3wKDV83MkOuHPRHtSXKKU99IBazS/2w=="],

    "typescript": ["typescript@5.9.3", "", { "bin": { "tsc": "bin/tsc", "tsserver": "bin/tsserver" } }, "sha512-jl1vZzPDinLr9eUt3J/t7V6FgNEw9QjvBPdysz9KfQDD41fQrC2Y4vKQdiaUpFT4bXlb1RHhLpp8wtm6M5TgSw=="],

    "undici-types": ["undici-types@8.3.0", "", {}, "sha512-j375ScV60dom+YkPFIfTLcOiPxkN/buHz5GobjLhixFuANaNs3C9l4GmrWqejgXWJ7BbJcFYpTEUkS1Ge8bpZQ=="],
  }
}
